
Microsoft Visual Studio Solution File, Format Version 12.00
# Visual Studio Version 17
VisualStudioVersion = 17.9.34701.34
MinimumVisualStudioVersion = 10.0.40219.1
Project("{FAE04EC0-301F-11D3-BF4B-00C04F79EFBC}") = "KDC Word", "KDC Word\KDC Word.csproj", "{0FCD98FD-E9F8-49D5-B359-3C5B9BA66B95}"
	ProjectSection(ProjectDependencies) = postProject
		{82053250-D09A-409F-A34C-8EFDDBF8C90F} = {82053250-D09A-409F-A34C-8EFDDBF8C90F}
	EndProjectSection
EndProject
Project("{FAE04EC0-301F-11D3-BF4B-00C04F79EFBC}") = "KDC Excel", "KDC Excel\KDC Excel.csproj", "{829AF0C4-37FC-43DE-91DA-74C3D788A05A}"
	ProjectSection(ProjectDependencies) = postProject
		{82053250-D09A-409F-A34C-8EFDDBF8C90F} = {82053250-D09A-409F-A34C-8EFDDBF8C90F}
	EndProjectSection
EndProject
Project("{FAE04EC0-301F-11D3-BF4B-00C04F79EFBC}") = "KDC PowerPoint", "KDC PowerPoint\KDC PowerPoint.csproj", "{0B138AD6-2E7D-482B-91D8-13D3551460D9}"
	ProjectSection(ProjectDependencies) = postProject
		{82053250-D09A-409F-A34C-8EFDDBF8C90F} = {82053250-D09A-409F-A34C-8EFDDBF8C90F}
	EndProjectSection
EndProject
Project("{FAE04EC0-301F-11D3-BF4B-00C04F79EFBC}") = "KDC Outlook", "KDC Outlook\KDC Outlook.csproj", "{114E74BC-38FA-4E9E-9099-4B4058D935C5}"
	ProjectSection(ProjectDependencies) = postProject
		{82053250-D09A-409F-A34C-8EFDDBF8C90F} = {82053250-D09A-409F-A34C-8EFDDBF8C90F}
	EndProjectSection
EndProject
Project("{FAE04EC0-301F-11D3-BF4B-00C04F79EFBC}") = "KDC Viso", "KDC Viso\KDC Viso.csproj", "{786FE1B9-FEC9-48E9-9A11-64314C82E953}"
	ProjectSection(ProjectDependencies) = postProject
		{82053250-D09A-409F-A34C-8EFDDBF8C90F} = {82053250-D09A-409F-A34C-8EFDDBF8C90F}
	EndProjectSection
EndProject
Project("{FAE04EC0-301F-11D3-BF4B-00C04F79EFBC}") = "KDC Project", "KDC Project\KDC Project.csproj", "{0334ECEA-ABE2-4359-BEE2-806A39A3580A}"
	ProjectSection(ProjectDependencies) = postProject
		{82053250-D09A-409F-A34C-8EFDDBF8C90F} = {82053250-D09A-409F-A34C-8EFDDBF8C90F}
	EndProjectSection
EndProject
Project("{FAE04EC0-301F-11D3-BF4B-00C04F79EFBC}") = "KDC Library", "KDCLibrary\KDC Library.csproj", "{82053250-D09A-409F-A34C-8EFDDBF8C90F}"
EndProject
Project("{840C416C-B8F3-42BC-B0DD-F6BB14C9F8CB}") = "AI Setup Project", "AI Setup Project\AI Setup Project.aiproj", "{1E76F8B8-75F4-4581-8514-BEBC7EF51BD6}"
	ProjectSection(ProjectDependencies) = postProject
		{0334ECEA-ABE2-4359-BEE2-806A39A3580A} = {0334ECEA-ABE2-4359-BEE2-806A39A3580A}
		{0B138AD6-2E7D-482B-91D8-13D3551460D9} = {0B138AD6-2E7D-482B-91D8-13D3551460D9}
		{0FCD98FD-E9F8-49D5-B359-3C5B9BA66B95} = {0FCD98FD-E9F8-49D5-B359-3C5B9BA66B95}
		{114E74BC-38FA-4E9E-9099-4B4058D935C5} = {114E74BC-38FA-4E9E-9099-4B4058D935C5}
		{786FE1B9-FEC9-48E9-9A11-64314C82E953} = {786FE1B9-FEC9-48E9-9A11-64314C82E953}
		{82053250-D09A-409F-A34C-8EFDDBF8C90F} = {82053250-D09A-409F-A34C-8EFDDBF8C90F}
		{829AF0C4-37FC-43DE-91DA-74C3D788A05A} = {829AF0C4-37FC-43DE-91DA-74C3D788A05A}
	EndProjectSection
EndProject
Project("{2150E333-8FDC-42A3-9474-1A3956D46DE8}") = "Solution Items", "Solution Items", "{522D62C0-65DA-4B03-9022-3F532F18C232}"
	ProjectSection(SolutionItems) = preProject
		.github\workflows\Pre-release.yml = .github\workflows\Pre-release.yml
		README.md = README.md
		.github\workflows\Release.yml = .github\workflows\Release.yml
	EndProjectSection
EndProject
Project("{2150E333-8FDC-42A3-9474-1A3956D46DE8}") = "Meds_AI", "Meds_AI", "{ECB6DD46-90AA-4554-90C1-7144C0FA6C88}"
	ProjectSection(SolutionItems) = preProject
		Meds_AI\advinst.exe = Meds_AI\advinst.exe
		Meds_AI\license80.dat = Meds_AI\license80.dat
		Meds_AI\reg.reg = Meds_AI\reg.reg
		Meds_AI\Settings.AIS = Meds_AI\Settings.AIS
	EndProjectSection
EndProject
Global
	GlobalSection(SolutionConfigurationPlatforms) = preSolution
		Debug|Any CPU = Debug|Any CPU
		DefaultBuild|Any CPU = DefaultBuild|Any CPU
		Release|Any CPU = Release|Any CPU
	EndGlobalSection
	GlobalSection(ProjectConfigurationPlatforms) = postSolution
		{0FCD98FD-E9F8-49D5-B359-3C5B9BA66B95}.Debug|Any CPU.ActiveCfg = Debug|Any CPU
		{0FCD98FD-E9F8-49D5-B359-3C5B9BA66B95}.Debug|Any CPU.Build.0 = Debug|Any CPU
		{0FCD98FD-E9F8-49D5-B359-3C5B9BA66B95}.DefaultBuild|Any CPU.ActiveCfg = Debug|Any CPU
		{0FCD98FD-E9F8-49D5-B359-3C5B9BA66B95}.DefaultBuild|Any CPU.Build.0 = Debug|Any CPU
		{0FCD98FD-E9F8-49D5-B359-3C5B9BA66B95}.Release|Any CPU.ActiveCfg = Release|Any CPU
		{0FCD98FD-E9F8-49D5-B359-3C5B9BA66B95}.Release|Any CPU.Build.0 = Release|Any CPU
		{829AF0C4-37FC-43DE-91DA-74C3D788A05A}.Debug|Any CPU.ActiveCfg = Debug|Any CPU
		{829AF0C4-37FC-43DE-91DA-74C3D788A05A}.Debug|Any CPU.Build.0 = Debug|Any CPU
		{829AF0C4-37FC-43DE-91DA-74C3D788A05A}.DefaultBuild|Any CPU.ActiveCfg = Debug|Any CPU
		{829AF0C4-37FC-43DE-91DA-74C3D788A05A}.DefaultBuild|Any CPU.Build.0 = Debug|Any CPU
		{829AF0C4-37FC-43DE-91DA-74C3D788A05A}.Release|Any CPU.ActiveCfg = Release|Any CPU
		{829AF0C4-37FC-43DE-91DA-74C3D788A05A}.Release|Any CPU.Build.0 = Release|Any CPU
		{0B138AD6-2E7D-482B-91D8-13D3551460D9}.Debug|Any CPU.ActiveCfg = Debug|Any CPU
		{0B138AD6-2E7D-482B-91D8-13D3551460D9}.Debug|Any CPU.Build.0 = Debug|Any CPU
		{0B138AD6-2E7D-482B-91D8-13D3551460D9}.DefaultBuild|Any CPU.ActiveCfg = Debug|Any CPU
		{0B138AD6-2E7D-482B-91D8-13D3551460D9}.DefaultBuild|Any CPU.Build.0 = Debug|Any CPU
		{0B138AD6-2E7D-482B-91D8-13D3551460D9}.Release|Any CPU.ActiveCfg = Release|Any CPU
		{0B138AD6-2E7D-482B-91D8-13D3551460D9}.Release|Any CPU.Build.0 = Release|Any CPU
		{114E74BC-38FA-4E9E-9099-4B4058D935C5}.Debug|Any CPU.ActiveCfg = Debug|Any CPU
		{114E74BC-38FA-4E9E-9099-4B4058D935C5}.Debug|Any CPU.Build.0 = Debug|Any CPU
		{114E74BC-38FA-4E9E-9099-4B4058D935C5}.DefaultBuild|Any CPU.ActiveCfg = Debug|Any CPU
		{114E74BC-38FA-4E9E-9099-4B4058D935C5}.DefaultBuild|Any CPU.Build.0 = Debug|Any CPU
		{114E74BC-38FA-4E9E-9099-4B4058D935C5}.Release|Any CPU.ActiveCfg = Release|Any CPU
		{114E74BC-38FA-4E9E-9099-4B4058D935C5}.Release|Any CPU.Build.0 = Release|Any CPU
		{786FE1B9-FEC9-48E9-9A11-64314C82E953}.Debug|Any CPU.ActiveCfg = Debug|Any CPU
		{786FE1B9-FEC9-48E9-9A11-64314C82E953}.Debug|Any CPU.Build.0 = Debug|Any CPU
		{786FE1B9-FEC9-48E9-9A11-64314C82E953}.DefaultBuild|Any CPU.ActiveCfg = Debug|Any CPU
		{786FE1B9-FEC9-48E9-9A11-64314C82E953}.DefaultBuild|Any CPU.Build.0 = Debug|Any CPU
		{786FE1B9-FEC9-48E9-9A11-64314C82E953}.Release|Any CPU.ActiveCfg = Release|Any CPU
		{786FE1B9-FEC9-48E9-9A11-64314C82E953}.Release|Any CPU.Build.0 = Release|Any CPU
		{0334ECEA-ABE2-4359-BEE2-806A39A3580A}.Debug|Any CPU.ActiveCfg = Debug|Any CPU
		{0334ECEA-ABE2-4359-BEE2-806A39A3580A}.Debug|Any CPU.Build.0 = Debug|Any CPU
		{0334ECEA-ABE2-4359-BEE2-806A39A3580A}.DefaultBuild|Any CPU.ActiveCfg = Debug|Any CPU
		{0334ECEA-ABE2-4359-BEE2-806A39A3580A}.DefaultBuild|Any CPU.Build.0 = Debug|Any CPU
		{0334ECEA-ABE2-4359-BEE2-806A39A3580A}.Release|Any CPU.ActiveCfg = Release|Any CPU
		{0334ECEA-ABE2-4359-BEE2-806A39A3580A}.Release|Any CPU.Build.0 = Release|Any CPU
		{82053250-D09A-409F-A34C-8EFDDBF8C90F}.Debug|Any CPU.ActiveCfg = Debug|Any CPU
		{82053250-D09A-409F-A34C-8EFDDBF8C90F}.Debug|Any CPU.Build.0 = Debug|Any CPU
		{82053250-D09A-409F-A34C-8EFDDBF8C90F}.DefaultBuild|Any CPU.ActiveCfg = Debug|Any CPU
		{82053250-D09A-409F-A34C-8EFDDBF8C90F}.DefaultBuild|Any CPU.Build.0 = Debug|Any CPU
		{82053250-D09A-409F-A34C-8EFDDBF8C90F}.Release|Any CPU.ActiveCfg = Release|Any CPU
		{82053250-D09A-409F-A34C-8EFDDBF8C90F}.Release|Any CPU.Build.0 = Release|Any CPU
		{1E76F8B8-75F4-4581-8514-BEBC7EF51BD6}.Debug|Any CPU.ActiveCfg = Release
		{1E76F8B8-75F4-4581-8514-BEBC7EF51BD6}.DefaultBuild|Any CPU.ActiveCfg = Release
		{1E76F8B8-75F4-4581-8514-BEBC7EF51BD6}.DefaultBuild|Any CPU.Build.0 = Release
		{1E76F8B8-75F4-4581-8514-BEBC7EF51BD6}.Release|Any CPU.ActiveCfg = Release
		{1E76F8B8-75F4-4581-8514-BEBC7EF51BD6}.Release|Any CPU.Build.0 = Release
	EndGlobalSection
	GlobalSection(SolutionProperties) = preSolution
		HideSolutionNode = FALSE
	EndGlobalSection
	GlobalSection(ExtensibilityGlobals) = postSolution
		SolutionGuid = {5751708A-E19F-49D3-B1FA-57F9B840583F}
	EndGlobalSection
EndGlobal
